
Microsoft Visual Studio Solution File, Format Version 12.00
# Visual Studio Version 16
VisualStudioVersion = 16.0.30503.244
MinimumVisualStudioVersion = 10.0.40219.1
Project("{FAE04EC0-301F-11D3-BF4B-00C04F79EFBC}") = "MarSkills", "MarSkills\MarSkills.csproj", "{5F130531-25EE-4DC4-AAF0-7F18C0281926}"
EndProject
Global
	GlobalSection(SolutionConfigurationPlatforms) = preSolution
		Debug|Any CPU = Debug|Any CPU
		Release|Any CPU = Release|Any CPU
	EndGlobalSection
	GlobalSection(ProjectConfigurationPlatforms) = postSolution
		{5F130531-25EE-4DC4-AAF0-7F18C0281926}.Debug|Any CPU.ActiveCfg = Debug|Any CPU
		{5F130531-25EE-4DC4-AAF0-7F18C0281926}.Debug|Any CPU.Build.0 = Debug|Any CPU
		{5F130531-25EE-4DC4-AAF0-7F18C0281926}.Release|Any CPU.ActiveCfg = Release|Any CPU
		{5F130531-25EE-4DC4-AAF0-7F18C0281926}.Release|Any CPU.Build.0 = Release|Any CPU
	EndGlobalSection
	GlobalSection(SolutionProperties) = preSolution
		HideSolutionNode = FALSE
	EndGlobalSection
	GlobalSection(ExtensibilityGlobals) = postSolution
		SolutionGuid = {6DD84CA3-11D3-47D2-92F9-F202064A1493}
	EndGlobalSection
EndGlobal
